// !$*UTF8*$!
{
	archiveVersion = 1;
	classes = {
	};
	objectVersion = 46;
	objects = {

/* Begin PBXBuildFile section */
		E714517516B249A500C36F52 /* UIKit.framework in Frameworks */ = {isa = PBXBuildFile; fileRef = E714517416B249A500C36F52 /* UIKit.framework */; };
		E714517716B249A500C36F52 /* Foundation.framework in Frameworks */ = {isa = PBXBuildFile; fileRef = E714517616B249A500C36F52 /* Foundation.framework */; };
		E714517916B249A500C36F52 /* CoreGraphics.framework in Frameworks */ = {isa = PBXBuildFile; fileRef = E714517816B249A500C36F52 /* CoreGraphics.framework */; };
		E714517F16B249A500C36F52 /* InfoPlist.strings in Resources */ = {isa = PBXBuildFile; fileRef = E714517D16B249A500C36F52 /* InfoPlist.strings */; };
		E714518116B249A500C36F52 /* main.m in Sources */ = {isa = PBXBuildFile; fileRef = E714518016B249A500C36F52 /* main.m */; };
		E714518516B249A500C36F52 /* GMAppDelegate.m in Sources */ = {isa = PBXBuildFile; fileRef = E714518416B249A500C36F52 /* GMAppDelegate.m */; };
		E714518716B249A500C36F52 /* Default.png in Resources */ = {isa = PBXBuildFile; fileRef = E714518616B249A500C36F52 /* Default.png */; };
		E714518916B249A500C36F52 /* Default@2x.png in Resources */ = {isa = PBXBuildFile; fileRef = E714518816B249A500C36F52 /* Default@2x.png */; };
		E714518B16B249A500C36F52 /* Default-568h@2x.png in Resources */ = {isa = PBXBuildFile; fileRef = E714518A16B249A500C36F52 /* Default-568h@2x.png */; };
		E714518E16B249A500C36F52 /* MainStoryboard_iPhone.storyboard in Resources */ = {isa = PBXBuildFile; fileRef = E714518C16B249A500C36F52 /* MainStoryboard_iPhone.storyboard */; };
		E714519116B249A500C36F52 /* MainStoryboard_iPad.storyboard in Resources */ = {isa = PBXBuildFile; fileRef = E714518F16B249A500C36F52 /* MainStoryboard_iPad.storyboard */; };
		E714519416B249A500C36F52 /* GMRecordViewController.m in Sources */ = {isa = PBXBuildFile; fileRef = E714519316B249A500C36F52 /* GMRecordViewController.m */; };
		E714519616B249A500C36F52 /* first.png in Resources */ = {isa = PBXBuildFile; fileRef = E714519516B249A500C36F52 /* first.png */; };
		E714519816B249A500C36F52 /* first@2x.png in Resources */ = {isa = PBXBuildFile; fileRef = E714519716B249A500C36F52 /* first@2x.png */; };
		E714519B16B249A500C36F52 /* GMRecognizeViewController.m in Sources */ = {isa = PBXBuildFile; fileRef = E714519A16B249A500C36F52 /* GMRecognizeViewController.m */; };
		E714519D16B249A500C36F52 /* second.png in Resources */ = {isa = PBXBuildFile; fileRef = E714519C16B249A500C36F52 /* second.png */; };
		E714519F16B249A500C36F52 /* second@2x.png in Resources */ = {isa = PBXBuildFile; fileRef = E714519E16B249A500C36F52 /* second@2x.png */; };
		E71451D216B3685E00C36F52 /* CoreMotion.framework in Frameworks */ = {isa = PBXBuildFile; fileRef = E71451D116B3685E00C36F52 /* CoreMotion.framework */; };
		E71451E916B3A88B00C36F52 /* GMGestureClassifier.m in Sources */ = {isa = PBXBuildFile; fileRef = E71451D716B3A88B00C36F52 /* GMGestureClassifier.m */; };
		E71451EA16B3A88B00C36F52 /* GMDistribution.m in Sources */ = {isa = PBXBuildFile; fileRef = E71451DA16B3A88B00C36F52 /* GMDistribution.m */; };
		E71451EB16B3A88B00C36F52 /* GMDTWAlgorithm.m in Sources */ = {isa = PBXBuildFile; fileRef = E71451DD16B3A88B00C36F52 /* GMDTWAlgorithm.m */; };
		E71451ED16B3A88B00C36F52 /* GMGesture.m in Sources */ = {isa = PBXBuildFile; fileRef = E71451E316B3A88B00C36F52 /* GMGesture.m */; };
		E71451EE16B3A88B00C36F52 /* GMGestureRecognition.m in Sources */ = {isa = PBXBuildFile; fileRef = E71451E516B3A88B00C36F52 /* GMGestureRecognition.m */; };
		E71451EF16B3A88B00C36F52 /* GMGestureRecorder.m in Sources */ = {isa = PBXBuildFile; fileRef = E71451E816B3A88B00C36F52 /* GMGestureRecorder.m */; };
		E77EAFBC16BD8DF500DE49F4 /* GMNormExtractor.m in Sources */ = {isa = PBXBuildFile; fileRef = E77EAFBB16BD8DF500DE49F4 /* GMNormExtractor.m */; };
		E77EAFBF16BDA14900DE49F4 /* GMGridExtractor.m in Sources */ = {isa = PBXBuildFile; fileRef = E77EAFBE16BDA14900DE49F4 /* GMGridExtractor.m */; };
		E77EAFC816BDE1C100DE49F4 /* GMNormedGridExtractor.m in Sources */ = {isa = PBXBuildFile; fileRef = E77EAFC716BDE1C100DE49F4 /* GMNormedGridExtractor.m */; };
/* End PBXBuildFile section */

/* Begin PBXFileReference section */
		E714517016B249A500C36F52 /* GMGestureMotions.app */ = {isa = PBXFileReference; explicitFileType = wrapper.application; includeInIndex = 0; path = GMGestureMotions.app; sourceTree = BUILT_PRODUCTS_DIR; };
		E714517416B249A500C36F52 /* UIKit.framework */ = {isa = PBXFileReference; lastKnownFileType = wrapper.framework; name = UIKit.framework; path = System/Library/Frameworks/UIKit.framework; sourceTree = SDKROOT; };
		E714517616B249A500C36F52 /* Foundation.framework */ = {isa = PBXFileReference; lastKnownFileType = wrapper.framework; name = Foundation.framework; path = System/Library/Frameworks/Foundation.framework; sourceTree = SDKROOT; };
		E714517816B249A500C36F52 /* CoreGraphics.framework */ = {isa = PBXFileReference; lastKnownFileType = wrapper.framework; name = CoreGraphics.framework; path = System/Library/Frameworks/CoreGraphics.framework; sourceTree = SDKROOT; };
		E714517C16B249A500C36F52 /* GMGestureMotions-Info.plist */ = {isa = PBXFileReference; lastKnownFileType = text.plist.xml; path = "GMGestureMotions-Info.plist"; sourceTree = "<group>"; };
		E714517E16B249A500C36F52 /* en */ = {isa = PBXFileReference; lastKnownFileType = text.plist.strings; name = en; path = en.lproj/InfoPlist.strings; sourceTree = "<group>"; };
		E714518016B249A500C36F52 /* main.m */ = {isa = PBXFileReference; lastKnownFileType = sourcecode.c.objc; path = main.m; sourceTree = "<group>"; };
		E714518216B249A500C36F52 /* GMGestureMotions-Prefix.pch */ = {isa = PBXFileReference; lastKnownFileType = sourcecode.c.h; path = "GMGestureMotions-Prefix.pch"; sourceTree = "<group>"; };
		E714518316B249A500C36F52 /* GMAppDelegate.h */ = {isa = PBXFileReference; lastKnownFileType = sourcecode.c.h; path = GMAppDelegate.h; sourceTree = "<group>"; };
		E714518416B249A500C36F52 /* GMAppDelegate.m */ = {isa = PBXFileReference; lastKnownFileType = sourcecode.c.objc; path = GMAppDelegate.m; sourceTree = "<group>"; };
		E714518616B249A500C36F52 /* Default.png */ = {isa = PBXFileReference; lastKnownFileType = image.png; path = Default.png; sourceTree = "<group>"; };
		E714518816B249A500C36F52 /* Default@2x.png */ = {isa = PBXFileReference; lastKnownFileType = image.png; path = "Default@2x.png"; sourceTree = "<group>"; };
		E714518A16B249A500C36F52 /* Default-568h@2x.png */ = {isa = PBXFileReference; lastKnownFileType = image.png; path = "Default-568h@2x.png"; sourceTree = "<group>"; };
		E714518D16B249A500C36F52 /* en */ = {isa = PBXFileReference; lastKnownFileType = file.storyboard; name = en; path = en.lproj/MainStoryboard_iPhone.storyboard; sourceTree = "<group>"; };
		E714519016B249A500C36F52 /* en */ = {isa = PBXFileReference; lastKnownFileType = file.storyboard; name = en; path = en.lproj/MainStoryboard_iPad.storyboard; sourceTree = "<group>"; };
		E714519216B249A500C36F52 /* GMRecordViewController.h */ = {isa = PBXFileReference; lastKnownFileType = sourcecode.c.h; path = GMRecordViewController.h; sourceTree = "<group>"; };
		E714519316B249A500C36F52 /* GMRecordViewController.m */ = {isa = PBXFileReference; lastKnownFileType = sourcecode.c.objc; path = GMRecordViewController.m; sourceTree = "<group>"; };
		E714519516B249A500C36F52 /* first.png */ = {isa = PBXFileReference; lastKnownFileType = image.png; path = first.png; sourceTree = "<group>"; };
		E714519716B249A500C36F52 /* first@2x.png */ = {isa = PBXFileReference; lastKnownFileType = image.png; path = "first@2x.png"; sourceTree = "<group>"; };
		E714519916B249A500C36F52 /* GMRecognizeViewController.h */ = {isa = PBXFileReference; lastKnownFileType = sourcecode.c.h; path = GMRecognizeViewController.h; sourceTree = "<group>"; };
		E714519A16B249A500C36F52 /* GMRecognizeViewController.m */ = {isa = PBXFileReference; lastKnownFileType = sourcecode.c.objc; path = GMRecognizeViewController.m; sourceTree = "<group>"; };
		E714519C16B249A500C36F52 /* second.png */ = {isa = PBXFileReference; lastKnownFileType = image.png; path = second.png; sourceTree = "<group>"; };
		E714519E16B249A500C36F52 /* second@2x.png */ = {isa = PBXFileReference; lastKnownFileType = image.png; path = "second@2x.png"; sourceTree = "<group>"; };
		E71451D116B3685E00C36F52 /* CoreMotion.framework */ = {isa = PBXFileReference; lastKnownFileType = wrapper.framework; name = CoreMotion.framework; path = System/Library/Frameworks/CoreMotion.framework; sourceTree = SDKROOT; };
		E71451D616B3A88B00C36F52 /* GMGestureClassifier.h */ = {isa = PBXFileReference; fileEncoding = 4; lastKnownFileType = sourcecode.c.h; path = GMGestureClassifier.h; sourceTree = "<group>"; };
		E71451D716B3A88B00C36F52 /* GMGestureClassifier.m */ = {isa = PBXFileReference; fileEncoding = 4; lastKnownFileType = sourcecode.c.objc; path = GMGestureClassifier.m; sourceTree = "<group>"; };
		E71451D916B3A88B00C36F52 /* GMDistribution.h */ = {isa = PBXFileReference; fileEncoding = 4; lastKnownFileType = sourcecode.c.h; path = GMDistribution.h; sourceTree = "<group>"; };
		E71451DA16B3A88B00C36F52 /* GMDistribution.m */ = {isa = PBXFileReference; fileEncoding = 4; lastKnownFileType = sourcecode.c.objc; path = GMDistribution.m; sourceTree = "<group>"; };
		E71451DC16B3A88B00C36F52 /* GMDTWAlgorithm.h */ = {isa = PBXFileReference; fileEncoding = 4; lastKnownFileType = sourcecode.c.h; path = GMDTWAlgorithm.h; sourceTree = "<group>"; };
		E71451DD16B3A88B00C36F52 /* GMDTWAlgorithm.m */ = {isa = PBXFileReference; fileEncoding = 4; lastKnownFileType = sourcecode.c.objc; path = GMDTWAlgorithm.m; sourceTree = "<group>"; };
		E71451DF16B3A88B00C36F52 /* GMFeatureExtractor.h */ = {isa = PBXFileReference; fileEncoding = 4; lastKnownFileType = sourcecode.c.h; path = GMFeatureExtractor.h; sourceTree = "<group>"; };
		E71451E216B3A88B00C36F52 /* GMGesture.h */ = {isa = PBXFileReference; fileEncoding = 4; lastKnownFileType = sourcecode.c.h; path = GMGesture.h; sourceTree = "<group>"; };
		E71451E316B3A88B00C36F52 /* GMGesture.m */ = {isa = PBXFileReference; fileEncoding = 4; lastKnownFileType = sourcecode.c.objc; path = GMGesture.m; sourceTree = "<group>"; };
		E71451E416B3A88B00C36F52 /* GMGestureRecognition.h */ = {isa = PBXFileReference; fileEncoding = 4; lastKnownFileType = sourcecode.c.h; path = GMGestureRecognition.h; sourceTree = "<group>"; };
		E71451E516B3A88B00C36F52 /* GMGestureRecognition.m */ = {isa = PBXFileReference; fileEncoding = 4; lastKnownFileType = sourcecode.c.objc; path = GMGestureRecognition.m; sourceTree = "<group>"; };
		E71451E716B3A88B00C36F52 /* GMGestureRecorder.h */ = {isa = PBXFileReference; fileEncoding = 4; lastKnownFileType = sourcecode.c.h; path = GMGestureRecorder.h; sourceTree = "<group>"; };
		E71451E816B3A88B00C36F52 /* GMGestureRecorder.m */ = {isa = PBXFileReference; fileEncoding = 4; lastKnownFileType = sourcecode.c.objc; path = GMGestureRecorder.m; sourceTree = "<group>"; };
		E77EAFBA16BD8DF500DE49F4 /* GMNormExtractor.h */ = {isa = PBXFileReference; fileEncoding = 4; lastKnownFileType = sourcecode.c.h; path = GMNormExtractor.h; sourceTree = "<group>"; };
		E77EAFBB16BD8DF500DE49F4 /* GMNormExtractor.m */ = {isa = PBXFileReference; fileEncoding = 4; lastKnownFileType = sourcecode.c.objc; path = GMNormExtractor.m; sourceTree = "<group>"; };
		E77EAFBD16BDA14900DE49F4 /* GMGridExtractor.h */ = {isa = PBXFileReference; fileEncoding = 4; lastKnownFileType = sourcecode.c.h; path = GMGridExtractor.h; sourceTree = "<group>"; };
		E77EAFBE16BDA14900DE49F4 /* GMGridExtractor.m */ = {isa = PBXFileReference; fileEncoding = 4; lastKnownFileType = sourcecode.c.objc; path = GMGridExtractor.m; sourceTree = "<group>"; };
		E77EAFC616BDE1C100DE49F4 /* GMNormedGridExtractor.h */ = {isa = PBXFileReference; fileEncoding = 4; lastKnownFileType = sourcecode.c.h; path = GMNormedGridExtractor.h; sourceTree = "<group>"; };
		E77EAFC716BDE1C100DE49F4 /* GMNormedGridExtractor.m */ = {isa = PBXFileReference; fileEncoding = 4; lastKnownFileType = sourcecode.c.objc; path = GMNormedGridExtractor.m; sourceTree = "<group>"; };
/* End PBXFileReference section */

/* Begin PBXFrameworksBuildPhase section */
		E714516D16B249A500C36F52 /* Frameworks */ = {
			isa = PBXFrameworksBuildPhase;
			buildActionMask = 2147483647;
			files = (
				E71451D216B3685E00C36F52 /* CoreMotion.framework in Frameworks */,
				E714517516B249A500C36F52 /* UIKit.framework in Frameworks */,
				E714517716B249A500C36F52 /* Foundation.framework in Frameworks */,
				E714517916B249A500C36F52 /* CoreGraphics.framework in Frameworks */,
			);
			runOnlyForDeploymentPostprocessing = 0;
		};
/* End PBXFrameworksBuildPhase section */

/* Begin PBXGroup section */
		E714516516B249A400C36F52 = {
			isa = PBXGroup;
			children = (
				E714517A16B249A500C36F52 /* GMGestureMotions */,
				E714517316B249A500C36F52 /* Frameworks */,
				E714517116B249A500C36F52 /* Products */,
			);
			sourceTree = "<group>";
		};
		E714517116B249A500C36F52 /* Products */ = {
			isa = PBXGroup;
			children = (
				E714517016B249A500C36F52 /* GMGestureMotions.app */,
			);
			name = Products;
			sourceTree = "<group>";
		};
		E714517316B249A500C36F52 /* Frameworks */ = {
			isa = PBXGroup;
			children = (
				E71451D116B3685E00C36F52 /* CoreMotion.framework */,
				E714517416B249A500C36F52 /* UIKit.framework */,
				E714517616B249A500C36F52 /* Foundation.framework */,
				E714517816B249A500C36F52 /* CoreGraphics.framework */,
			);
			name = Frameworks;
			sourceTree = "<group>";
		};
		E714517A16B249A500C36F52 /* GMGestureMotions */ = {
			isa = PBXGroup;
			children = (
				E71451D416B3A88B00C36F52 /* GestureMotions */,
				E714518316B249A500C36F52 /* GMAppDelegate.h */,
				E714518416B249A500C36F52 /* GMAppDelegate.m */,
				E714518C16B249A500C36F52 /* MainStoryboard_iPhone.storyboard */,
				E714518F16B249A500C36F52 /* MainStoryboard_iPad.storyboard */,
				E714519216B249A500C36F52 /* GMRecordViewController.h */,
				E714519316B249A500C36F52 /* GMRecordViewController.m */,
				E714519516B249A500C36F52 /* first.png */,
				E714519716B249A500C36F52 /* first@2x.png */,
				E714519916B249A500C36F52 /* GMRecognizeViewController.h */,
				E714519A16B249A500C36F52 /* GMRecognizeViewController.m */,
				E714519C16B249A500C36F52 /* second.png */,
				E714519E16B249A500C36F52 /* second@2x.png */,
				E714517B16B249A500C36F52 /* Supporting Files */,
			);
			path = GMGestureMotions;
			sourceTree = "<group>";
		};
		E714517B16B249A500C36F52 /* Supporting Files */ = {
			isa = PBXGroup;
			children = (
				E714517C16B249A500C36F52 /* GMGestureMotions-Info.plist */,
				E714517D16B249A500C36F52 /* InfoPlist.strings */,
				E714518016B249A500C36F52 /* main.m */,
				E714518216B249A500C36F52 /* GMGestureMotions-Prefix.pch */,
				E714518616B249A500C36F52 /* Default.png */,
				E714518816B249A500C36F52 /* Default@2x.png */,
				E714518A16B249A500C36F52 /* Default-568h@2x.png */,
			);
			name = "Supporting Files";
			sourceTree = "<group>";
		};
		E71451D416B3A88B00C36F52 /* GestureMotions */ = {
			isa = PBXGroup;
			children = (
				E71451D516B3A88B00C36F52 /* Classifier */,
				E71451D816B3A88B00C36F52 /* Distribution */,
				E71451DB16B3A88B00C36F52 /* DTWAlgorithm */,
				E71451DE16B3A88B00C36F52 /* Feature Extractors */,
				E71451E116B3A88B00C36F52 /* Gesture */,
				E71451E416B3A88B00C36F52 /* GMGestureRecognition.h */,
				E71451E516B3A88B00C36F52 /* GMGestureRecognition.m */,
				E71451E616B3A88B00C36F52 /* Recorder */,
			);
			path = GestureMotions;
			sourceTree = "<group>";
		};
		E71451D516B3A88B00C36F52 /* Classifier */ = {
			isa = PBXGroup;
			children = (
				E71451D616B3A88B00C36F52 /* GMGestureClassifier.h */,
				E71451D716B3A88B00C36F52 /* GMGestureClassifier.m */,
			);
			path = Classifier;
			sourceTree = "<group>";
		};
		E71451D816B3A88B00C36F52 /* Distribution */ = {
			isa = PBXGroup;
			children = (
				E71451D916B3A88B00C36F52 /* GMDistribution.h */,
				E71451DA16B3A88B00C36F52 /* GMDistribution.m */,
			);
			path = Distribution;
			sourceTree = "<group>";
		};
		E71451DB16B3A88B00C36F52 /* DTWAlgorithm */ = {
			isa = PBXGroup;
			children = (
				E71451DC16B3A88B00C36F52 /* GMDTWAlgorithm.h */,
				E71451DD16B3A88B00C36F52 /* GMDTWAlgorithm.m */,
			);
			path = DTWAlgorithm;
			sourceTree = "<group>";
		};
		E71451DE16B3A88B00C36F52 /* Feature Extractors */ = {
			isa = PBXGroup;
			children = (
				E71451DF16B3A88B00C36F52 /* GMFeatureExtractor.h */,
				E77EAFBA16BD8DF500DE49F4 /* GMNormExtractor.h */,
				E77EAFBB16BD8DF500DE49F4 /* GMNormExtractor.m */,
				E77EAFBD16BDA14900DE49F4 /* GMGridExtractor.h */,
				E77EAFBE16BDA14900DE49F4 /* GMGridExtractor.m */,
				E77EAFC616BDE1C100DE49F4 /* GMNormedGridExtractor.h */,
				E77EAFC716BDE1C100DE49F4 /* GMNormedGridExtractor.m */,
			);
			path = "Feature Extractors";
			sourceTree = "<group>";
		};
		E71451E116B3A88B00C36F52 /* Gesture */ = {
			isa = PBXGroup;
			children = (
				E71451E216B3A88B00C36F52 /* GMGesture.h */,
				E71451E316B3A88B00C36F52 /* GMGesture.m */,
			);
			path = Gesture;
			sourceTree = "<group>";
		};
		E71451E616B3A88B00C36F52 /* Recorder */ = {
			isa = PBXGroup;
			children = (
				E71451E716B3A88B00C36F52 /* GMGestureRecorder.h */,
				E71451E816B3A88B00C36F52 /* GMGestureRecorder.m */,
			);
			path = Recorder;
			sourceTree = "<group>";
		};
/* End PBXGroup section */

/* Begin PBXNativeTarget section */
		E714516F16B249A500C36F52 /* GMGestureMotions */ = {
			isa = PBXNativeTarget;
			buildConfigurationList = E71451A216B249A500C36F52 /* Build configuration list for PBXNativeTarget "GMGestureMotions" */;
			buildPhases = (
				E714516C16B249A500C36F52 /* Sources */,
				E714516D16B249A500C36F52 /* Frameworks */,
				E714516E16B249A500C36F52 /* Resources */,
			);
			buildRules = (
			);
			dependencies = (
			);
			name = GMGestureMotions;
			productName = iOSGestureMotions;
			productReference = E714517016B249A500C36F52 /* GMGestureMotions.app */;
			productType = "com.apple.product-type.application";
		};
/* End PBXNativeTarget section */

/* Begin PBXProject section */
		E714516716B249A400C36F52 /* Project object */ = {
			isa = PBXProject;
			attributes = {
				CLASSPREFIX = GM;
				LastUpgradeCheck = 0450;
				ORGANIZATIONNAME = "Lauren Frazier";
			};
			buildConfigurationList = E714516A16B249A400C36F52 /* Build configuration list for PBXProject "GMGestureMotions" */;
			compatibilityVersion = "Xcode 3.2";
			developmentRegion = English;
			hasScannedForEncodings = 0;
			knownRegions = (
				en,
			);
			mainGroup = E714516516B249A400C36F52;
			productRefGroup = E714517116B249A500C36F52 /* Products */;
			projectDirPath = "";
			projectRoot = "";
			targets = (
				E714516F16B249A500C36F52 /* GMGestureMotions */,
			);
		};
/* End PBXProject section */

/* Begin PBXResourcesBuildPhase section */
		E714516E16B249A500C36F52 /* Resources */ = {
			isa = PBXResourcesBuildPhase;
			buildActionMask = 2147483647;
			files = (
				E714517F16B249A500C36F52 /* InfoPlist.strings in Resources */,
				E714518716B249A500C36F52 /* Default.png in Resources */,
				E714518916B249A500C36F52 /* Default@2x.png in Resources */,
				E714518B16B249A500C36F52 /* Default-568h@2x.png in Resources */,
				E714518E16B249A500C36F52 /* MainStoryboard_iPhone.storyboard in Resources */,
				E714519116B249A500C36F52 /* MainStoryboard_iPad.storyboard in Resources */,
				E714519616B249A500C36F52 /* first.png in Resources */,
				E714519816B249A500C36F52 /* first@2x.png in Resources */,
				E714519D16B249A500C36F52 /* second.png in Resources */,
				E714519F16B249A500C36F52 /* second@2x.png in Resources */,
			);
			runOnlyForDeploymentPostprocessing = 0;
		};
/* End PBXResourcesBuildPhase section */

/* Begin PBXSourcesBuildPhase section */
		E714516C16B249A500C36F52 /* Sources */ = {
			isa = PBXSourcesBuildPhase;
			buildActionMask = 2147483647;
			files = (
				E714518116B249A500C36F52 /* main.m in Sources */,
				E714518516B249A500C36F52 /* GMAppDelegate.m in Sources */,
				E714519416B249A500C36F52 /* GMRecordViewController.m in Sources */,
				E714519B16B249A500C36F52 /* GMRecognizeViewController.m in Sources */,
				E71451E916B3A88B00C36F52 /* GMGestureClassifier.m in Sources */,
				E71451EA16B3A88B00C36F52 /* GMDistribution.m in Sources */,
				E71451EB16B3A88B00C36F52 /* GMDTWAlgorithm.m in Sources */,
				E71451ED16B3A88B00C36F52 /* GMGesture.m in Sources */,
				E71451EE16B3A88B00C36F52 /* GMGestureRecognition.m in Sources */,
				E71451EF16B3A88B00C36F52 /* GMGestureRecorder.m in Sources */,
				E77EAFBC16BD8DF500DE49F4 /* GMNormExtractor.m in Sources */,
				E77EAFBF16BDA14900DE49F4 /* GMGridExtractor.m in Sources */,
				E77EAFC816BDE1C100DE49F4 /* GMNormedGridExtractor.m in Sources */,
			);
			runOnlyForDeploymentPostprocessing = 0;
		};
/* End PBXSourcesBuildPhase section */

/* Begin PBXVariantGroup section */
		E714517D16B249A500C36F52 /* InfoPlist.strings */ = {
			isa = PBXVariantGroup;
			children = (
				E714517E16B249A500C36F52 /* en */,
			);
			name = InfoPlist.strings;
			sourceTree = "<group>";
		};
		E714518C16B249A500C36F52 /* MainStoryboard_iPhone.storyboard */ = {
			isa = PBXVariantGroup;
			children = (
				E714518D16B249A500C36F52 /* en */,
			);
			name = MainStoryboard_iPhone.storyboard;
			sourceTree = "<group>";
		};
		E714518F16B249A500C36F52 /* MainStoryboard_iPad.storyboard */ = {
			isa = PBXVariantGroup;
			children = (
				E714519016B249A500C36F52 /* en */,
			);
			name = MainStoryboard_iPad.storyboard;
			sourceTree = "<group>";
		};
/* End PBXVariantGroup section */

/* Begin XCBuildConfiguration section */
		E71451A016B249A500C36F52 /* Debug */ = {
			isa = XCBuildConfiguration;
			buildSettings = {
				ALWAYS_SEARCH_USER_PATHS = NO;
				CLANG_CXX_LANGUAGE_STANDARD = "gnu++0x";
				CLANG_CXX_LIBRARY = "libc++";
				CLANG_ENABLE_OBJC_ARC = YES;
				CLANG_WARN_EMPTY_BODY = YES;
				CLANG_WARN__DUPLICATE_METHOD_MATCH = YES;
				CODE_SIGN_IDENTITY = "iPhone Developer";
				"CODE_SIGN_IDENTITY[sdk=iphoneos*]" = "iPhone Developer";
				COPY_PHASE_STRIP = NO;
				GCC_C_LANGUAGE_STANDARD = gnu99;
				GCC_DYNAMIC_NO_PIC = NO;
				GCC_OPTIMIZATION_LEVEL = 0;
				GCC_PREPROCESSOR_DEFINITIONS = (
					"DEBUG=1",
					"$(inherited)",
				);
				GCC_SYMBOLS_PRIVATE_EXTERN = NO;
				GCC_WARN_ABOUT_RETURN_TYPE = YES;
				GCC_WARN_UNINITIALIZED_AUTOS = YES;
				GCC_WARN_UNUSED_VARIABLE = YES;
				IPHONEOS_DEPLOYMENT_TARGET = 6.0;
				ONLY_ACTIVE_ARCH = YES;
				PROVISIONING_PROFILE = "";
				"PROVISIONING_PROFILE[sdk=iphoneos*]" = "";
				SDKROOT = iphoneos;
				TARGETED_DEVICE_FAMILY = "1,2";
			};
			name = Debug;
		};
		E71451A116B249A500C36F52 /* Release */ = {
			isa = XCBuildConfiguration;
			buildSettings = {
				ALWAYS_SEARCH_USER_PATHS = NO;
				CLANG_CXX_LANGUAGE_STANDARD = "gnu++0x";
				CLANG_CXX_LIBRARY = "libc++";
				CLANG_ENABLE_OBJC_ARC = YES;
				CLANG_WARN_EMPTY_BODY = YES;
				CLANG_WARN__DUPLICATE_METHOD_MATCH = YES;
				CODE_SIGN_IDENTITY = "iPhone Developer";
				"CODE_SIGN_IDENTITY[sdk=iphoneos*]" = "iPhone Developer";
				COPY_PHASE_STRIP = YES;
				GCC_C_LANGUAGE_STANDARD = gnu99;
				GCC_WARN_ABOUT_RETURN_TYPE = YES;
				GCC_WARN_UNINITIALIZED_AUTOS = YES;
				GCC_WARN_UNUSED_VARIABLE = YES;
				IPHONEOS_DEPLOYMENT_TARGET = 6.0;
				OTHER_CFLAGS = "-DNS_BLOCK_ASSERTIONS=1";
				PROVISIONING_PROFILE = "";
				"PROVISIONING_PROFILE[sdk=iphoneos*]" = "";
				SDKROOT = iphoneos;
				TARGETED_DEVICE_FAMILY = "1,2";
				VALIDATE_PRODUCT = YES;
			};
			name = Release;
		};
		E71451A316B249A500C36F52 /* Debug */ = {
			isa = XCBuildConfiguration;
			buildSettings = {
				CLANG_ENABLE_MODULES = YES;
				GCC_PRECOMPILE_PREFIX_HEADER = YES;
				GCC_PREFIX_HEADER = "GMGestureMotions/GMGestureMotions-Prefix.pch";
				INFOPLIST_FILE = "GMGestureMotions/GMGestureMotions-Info.plist";
				PRODUCT_NAME = "$(TARGET_NAME)";
				WRAPPER_EXTENSION = app;
			};
			name = Debug;
		};
		E71451A416B249A500C36F52 /* Release */ = {
			isa = XCBuildConfiguration;
			buildSettings = {
				CLANG_ENABLE_MODULES = YES;
				GCC_PRECOMPILE_PREFIX_HEADER = YES;
				GCC_PREFIX_HEADER = "GMGestureMotions/GMGestureMotions-Prefix.pch";
				INFOPLIST_FILE = "GMGestureMotions/GMGestureMotions-Info.plist";
				PRODUCT_NAME = "$(TARGET_NAME)";
				WRAPPER_EXTENSION = app;
			};
			name = Release;
		};
/* End XCBuildConfiguration section */

/* Begin XCConfigurationList section */
		E714516A16B249A400C36F52 /* Build configuration list for PBXProject "GMGestureMotions" */ = {
			isa = XCConfigurationList;
			buildConfigurations = (
				E71451A016B249A500C36F52 /* Debug */,
				E71451A116B249A500C36F52 /* Release */,
			);
			defaultConfigurationIsVisible = 0;
			defaultConfigurationName = Release;
		};
		E71451A216B249A500C36F52 /* Build configuration list for PBXNativeTarget "GMGestureMotions" */ = {
			isa = XCConfigurationList;
			buildConfigurations = (
				E71451A316B249A500C36F52 /* Debug */,
				E71451A416B249A500C36F52 /* Release */,
			);
			defaultConfigurationIsVisible = 0;
			defaultConfigurationName = Release;
		};
/* End XCConfigurationList section */
	};
	rootObject = E714516716B249A400C36F52 /* Project object */;
}
